
Microsoft Visual Studio Solution File, Format Version 12.00
# Visual Studio 15
Project("{FAE04EC0-301F-11D3-BF4B-00C04F79EFBC}") = "Assembly-CSharp", "Assembly-CSharp.csproj", "{12368293-C566-9DBA-92B3-53842AB6B67E}"
EndProject
Project("{FAE04EC0-301F-11D3-BF4B-00C04F79EFBC}") = "Assembly-CSharp-firstpass", "Assembly-CSharp-firstpass.csproj", "{FCD48F59-C617-63A7-3A00-1E77E4547CAA}"
EndProject
Project("{FAE04EC0-301F-11D3-BF4B-00C04F79EFBC}") = "Assembly-CSharp-Editor-firstpass", "Assembly-CSharp-Editor-firstpass.csproj", "{D5414CB5-8416-862C-B62E-2DEE9AF00275}"
EndProject
Global
	GlobalSection(SolutionConfigurationPlatforms) = preSolution
		Debug|Any CPU = Debug|Any CPU
		Release|Any CPU = Release|Any CPU
	EndGlobalSection
	GlobalSection(ProjectConfigurationPlatforms) = postSolution
		{12368293-C566-9DBA-92B3-53842AB6B67E}.Debug|Any CPU.ActiveCfg = Debug|Any CPU
		{12368293-C566-9DBA-92B3-53842AB6B67E}.Debug|Any CPU.Build.0 = Debug|Any CPU
		{12368293-C566-9DBA-92B3-53842AB6B67E}.Release|Any CPU.ActiveCfg = Release|Any CPU
		{12368293-C566-9DBA-92B3-53842AB6B67E}.Release|Any CPU.Build.0 = Release|Any CPU
		{FCD48F59-C617-63A7-3A00-1E77E4547CAA}.Debug|Any CPU.ActiveCfg = Debug|Any CPU
		{FCD48F59-C617-63A7-3A00-1E77E4547CAA}.Debug|Any CPU.Build.0 = Debug|Any CPU
		{FCD48F59-C617-63A7-3A00-1E77E4547CAA}.Release|Any CPU.ActiveCfg = Release|Any CPU
		{FCD48F59-C617-63A7-3A00-1E77E4547CAA}.Release|Any CPU.Build.0 = Release|Any CPU
		{D5414CB5-8416-862C-B62E-2DEE9AF00275}.Debug|Any CPU.ActiveCfg = Debug|Any CPU
		{D5414CB5-8416-862C-B62E-2DEE9AF00275}.Debug|Any CPU.Build.0 = Debug|Any CPU
		{D5414CB5-8416-862C-B62E-2DEE9AF00275}.Release|Any CPU.ActiveCfg = Release|Any CPU
		{D5414CB5-8416-862C-B62E-2DEE9AF00275}.Release|Any CPU.Build.0 = Release|Any CPU
	EndGlobalSection
	GlobalSection(SolutionProperties) = preSolution
		HideSolutionNode = FALSE
	EndGlobalSection
EndGlobal
